
Microsoft Visual Studio Solution File, Format Version 12.00
# Visual Studio Version 17
VisualStudioVersion = 17.3.32804.467
MinimumVisualStudioVersion = 10.0.40219.1
Project("{FAE04EC0-301F-11D3-BF4B-00C04F79EFBC}") = "jogoDaPrincesaWeb", "jogoDaPrincesaWeb\jogoDaPrincesaWeb.csproj", "{C94E7C19-B207-4758-BEC9-E392E340A4BF}"
EndProject
Global
	GlobalSection(SolutionConfigurationPlatforms) = preSolution
		Debug|Any CPU = Debug|Any CPU
		Release|Any CPU = Release|Any CPU
	EndGlobalSection
	GlobalSection(ProjectConfigurationPlatforms) = postSolution
		{C94E7C19-B207-4758-BEC9-E392E340A4BF}.Debug|Any CPU.ActiveCfg = Debug|Any CPU
		{C94E7C19-B207-4758-BEC9-E392E340A4BF}.Debug|Any CPU.Build.0 = Debug|Any CPU
		{C94E7C19-B207-4758-BEC9-E392E340A4BF}.Release|Any CPU.ActiveCfg = Release|Any CPU
		{C94E7C19-B207-4758-BEC9-E392E340A4BF}.Release|Any CPU.Build.0 = Release|Any CPU
	EndGlobalSection
	GlobalSection(SolutionProperties) = preSolution
		HideSolutionNode = FALSE
	EndGlobalSection
	GlobalSection(ExtensibilityGlobals) = postSolution
		SolutionGuid = {56D07F66-9E50-44A8-AA0C-D9E14A25375D}
	EndGlobalSection
EndGlobal
